Microsoft Visual Studio Solution File, Format Version 11.00
# Visual Studio 2008

Project("{DDC8BFD8-45D8-6AA4-197A-7F834C7BB238}") = "IsometricTest", "Assembly-CSharp.csproj", "{5F98176F-1D5B-DD5E-99B5-F2DF2DDFB016}"
EndProject
Global
	GlobalSection(SolutionConfigurationPlatforms) = preSolution
		Debug|Any CPU = Debug|Any CPU
		Release|Any CPU = Release|Any CPU
	EndGlobalSection
	GlobalSection(ProjectConfigurationPlatforms) = postSolution
		{5F98176F-1D5B-DD5E-99B5-F2DF2DDFB016}.Debug|Any CPU.ActiveCfg = Debug|Any CPU
		{5F98176F-1D5B-DD5E-99B5-F2DF2DDFB016}.Debug|Any CPU.Build.0 = Debug|Any CPU
		{5F98176F-1D5B-DD5E-99B5-F2DF2DDFB016}.Release|Any CPU.ActiveCfg = Release|Any CPU
		{5F98176F-1D5B-DD5E-99B5-F2DF2DDFB016}.Release|Any CPU.Build.0 = Release|Any CPU
	EndGlobalSection
	GlobalSection(SolutionProperties) = preSolution
		HideSolutionNode = FALSE
	EndGlobalSection
	GlobalSection(MonoDevelopProperties) = preSolution
		StartupItem = Assembly-CSharp.csproj
	EndGlobalSection
EndGlobal
